<?xml version="1.0" encoding="UTF-8" standalone="yes" ?>
<CodeBlocks_project_file>
	<FileVersion major="1" minor="6" />
	<Project>
		<Option title="DVDStyler" />
		<Option pch_mode="2" />
		<Option compiler="gcc" />
		<Build>
			<Target title="default">
				<Option output="src/DVDStyler" prefix_auto="1" extension_auto="1" />
				<Option type="0" />
				<Option compiler="gcc" />
			</Target>
		</Build>
		<Compiler>
			<Add option="-fomit-frame-pointer" />
			<Add option="-fno-pcc-struct-return" />
			<Add option="-O2 -Os -fno-rtti" />
			<Add option="-fno-exceptions" />
			<Add option="-DWINVER=0x0400 -D__WIN95__ -D__GNUWIN32__ -D__WIN32__ -DHAVE_W32API_H  -D__WXMSW__ -D__WINDOWS__ -Wall" />
			<Add option="-DWX_SVG" />
			<Add option="-DHAVE_FFMPEG_AVUTIL_H" />
			<Add directory="." />
		</Compiler>
		<Linker>
			<Add option="-Wl,--subsystem,windows -mwindows" />
			<Add library="wxmsw28u_media" />
			<Add library="wxmsw28u_adv" />
			<Add library="wxmsw28u_html" />
			<Add library="wxmsw28u_core" />
			<Add library="wxbase28u" />
			<Add library="msvcp60" />
			<Add library="wxpng" />
			<Add library="wxjpeg" />
			<Add library="wxtiff" />
			<Add library="wxzlib" />
			<Add library="wxregexu" />
			<Add library="wxsvg" />
			<Add library="agg" />
			<Add library="stdc++" />
			<Add library="gcc" />
			<Add library="odbc32" />
			<Add library="wsock32" />
			<Add library="winspool" />
			<Add library="winmm" />
			<Add library="shell32" />
			<Add library="comctl32" />
			<Add library="ctl3d32" />
			<Add library="advapi32" />
			<Add library="opengl32" />
			<Add library="glu32" />
			<Add library="ole32" />
			<Add library="oleaut32" />
			<Add library="uuid" />
			<Add library="mingwex" />
			<Add library="avformat" />
			<Add library="avcodec" />
			<Add library="avutil" />
			<Add library="avfilter" />
			<Add library="swscale" />
			<Add library="x264" />
			<Add library="vfw32" />
			<Add library="ws2_32" />
			<Add library="exif" />
			<Add library="z" />
			<Add library="setupapi" />
			<Add library="fontconfig" />
			<Add library="xvidcore" />
			<Add library="cairo" />
			<Add library="gobject-2.0" />
			<Add library="pango-1.0" />
			<Add library="pangocairo-1.0" />
		</Linker>
		<Unit filename="AUTHORS" />
		<Unit filename="ChangeLog">
			<Option compilerVar="CC" />
		</Unit>
		<Unit filename="TODO">
			<Option compilerVar="CC" />
		</Unit>
		<Unit filename="locale/langs.h" />
		<Unit filename="src/About.cpp" />
		<Unit filename="src/About.h" />
		<Unit filename="src/AnimationDlg.cpp" />
		<Unit filename="src/AnimationDlg.h" />
		<Unit filename="src/AudioPropDlg.cpp" />
		<Unit filename="src/AudioPropDlg.h" />
		<Unit filename="src/BurnDlg.cpp" />
		<Unit filename="src/BurnDlg.h" />
		<Unit filename="src/Cache.cpp" />
		<Unit filename="src/Cache.h" />
		<Unit filename="src/ChaptersDlg.cpp" />
		<Unit filename="src/ChaptersDlg.h" />
		<Unit filename="src/Config.cpp" />
		<Unit filename="src/Config.h" />
		<Unit filename="src/DVD.cpp" />
		<Unit filename="src/DVD.h" />
		<Unit filename="src/DVDAction.cpp" />
		<Unit filename="src/DVDAction.h" />
		<Unit filename="src/DVDPropDlg.cpp" />
		<Unit filename="src/DVDPropDlg.h" />
		<Unit filename="src/DirCtrl.cpp" />
		<Unit filename="src/DirCtrl.h" />
		<Unit filename="src/Languages.cpp" />
		<Unit filename="src/Languages.h" />
		<Unit filename="src/MPEG.cpp" />
		<Unit filename="src/MPEG.h" />
		<Unit filename="src/MainWin.cpp" />
		<Unit filename="src/MainWin.h" />
		<Unit filename="src/Menu.cpp" />
		<Unit filename="src/Menu.h" />
		<Unit filename="src/MenuActionsDlg.cpp" />
		<Unit filename="src/MenuActionsDlg.h" />
		<Unit filename="src/MenuCellsDlg.cpp" />
		<Unit filename="src/MenuCellsDlg.h" />
		<Unit filename="src/MenuEditor.cpp" />
		<Unit filename="src/MenuEditor.h" />
		<Unit filename="src/MenuObject.cpp" />
		<Unit filename="src/MenuObject.h" />
		<Unit filename="src/MenuObjectPropDlg.cpp" />
		<Unit filename="src/MenuObjectPropDlg.h" />
		<Unit filename="src/MenuPalettes.cpp" />
		<Unit filename="src/MenuPalettes.h" />
		<Unit filename="src/MenuPropDlg.cpp" />
		<Unit filename="src/MenuPropDlg.h" />
		<Unit filename="src/MessageDlg.cpp" />
		<Unit filename="src/MessageDlg.h" />
		<Unit filename="src/NewProjectDlg.cpp" />
		<Unit filename="src/NewProjectDlg.h" />
		<Unit filename="src/Palette3D.cpp" />
		<Unit filename="src/Palette3D.h" />
		<Unit filename="src/Pgc.cpp" />
		<Unit filename="src/Pgc.h" />
		<Unit filename="src/ProgressDlg.cpp" />
		<Unit filename="src/ProgressDlg.h" />
		<Unit filename="src/SettingsDlg.cpp" />
		<Unit filename="src/SettingsDlg.h" />
		<Unit filename="src/SlideDlg.cpp" />
		<Unit filename="src/SlideDlg.h" />
		<Unit filename="src/Slideshow.cpp" />
		<Unit filename="src/Slideshow.h" />
		<Unit filename="src/StatusBar.cpp" />
		<Unit filename="src/StatusBar.h" />
		<Unit filename="src/SubtitlePropDlg.cpp" />
		<Unit filename="src/SubtitlePropDlg.h" />
		<Unit filename="src/TemplateDlg.cpp" />
		<Unit filename="src/TemplateDlg.h" />
		<Unit filename="src/TextSub.cpp" />
		<Unit filename="src/TextSub.h" />
		<Unit filename="src/TitlePropDlg.cpp" />
		<Unit filename="src/TitlePropDlg.h" />
		<Unit filename="src/Titleset.cpp" />
		<Unit filename="src/Titleset.h" />
		<Unit filename="src/TitlesetManager.cpp" />
		<Unit filename="src/TitlesetManager.h" />
		<Unit filename="src/Utils.cpp" />
		<Unit filename="src/Utils.h" />
		<Unit filename="src/Version.h" />
		<Unit filename="src/VideoFrameDlg.cpp" />
		<Unit filename="src/VideoFrameDlg.h" />
		<Unit filename="src/VideoPropDlg.cpp" />
		<Unit filename="src/VideoPropDlg.h" />
		<Unit filename="src/VobListBox.cpp" />
		<Unit filename="src/VobListBox.h" />
		<Unit filename="src/WelcomeDlg.cpp" />
		<Unit filename="src/WelcomeDlg.h" />
		<Unit filename="src/compat.h" />
		<Unit filename="src/dvdstyler.cpp" />
		<Unit filename="src/dvdvm.h" />
		<Unit filename="src/dvdvml.c">
			<Option compilerVar="CC" />
		</Unit>
		<Unit filename="src/dvdvmy.c">
			<Option compilerVar="CC" />
		</Unit>
		<Unit filename="src/dvdvmy.h" />
		<Unit filename="src/hyperlink.h" />
		<Unit filename="src/mediactrl_ffmpeg.cpp" />
		<Unit filename="src/mediactrl_ffmpeg.h" />
		<Unit filename="src/mediaenc.cpp" />
		<Unit filename="src/mediaenc.h" />
		<Unit filename="src/mediaenc_ffmpeg.cpp" />
		<Unit filename="src/mediaenc_ffmpeg.h" />
		<Unit filename="src/mediatrc.h" />
		<Unit filename="src/mediatrc_ffmpeg.cpp" />
		<Unit filename="src/mediatrc_ffmpeg.h" />
		<Unit filename="src/rc/DVDStyler.rc">
			<Option compilerVar="CPP" />
		</Unit>
		<Unit filename="wxVillaLib/ExifHandler.cpp" />
		<Unit filename="wxVillaLib/ExifHandler.h" />
		<Unit filename="wxVillaLib/ImageProc.cpp" />
		<Unit filename="wxVillaLib/ImageProc.h" />
		<Unit filename="wxVillaLib/PipeExecute.cpp" />
		<Unit filename="wxVillaLib/PipeExecute.h" />
		<Unit filename="wxVillaLib/PropDlg.cpp" />
		<Unit filename="wxVillaLib/PropDlg.h" />
		<Unit filename="wxVillaLib/SConv.cpp" />
		<Unit filename="wxVillaLib/SConv.h" />
		<Unit filename="wxVillaLib/ThumbnailFactory.cpp" />
		<Unit filename="wxVillaLib/ThumbnailFactory.h" />
		<Unit filename="wxVillaLib/Thumbnails.cpp" />
		<Unit filename="wxVillaLib/Thumbnails.h" />
		<Unit filename="wxVillaLib/VerticalToolbar.cpp" />
		<Unit filename="wxVillaLib/VerticalToolbar.h" />
		<Unit filename="wxVillaLib/imagjpg.cpp" />
		<Unit filename="wxVillaLib/utils.cpp" />
		<Unit filename="wxVillaLib/utils.h" />
		<Unit filename="wxsmith/AnimationDlg.wxs" />
		<Extensions>
			<code_completion />
			<debugger />
			<wxsmith version="1">
				<gui name="wxWidgets" src="src/dvdstyler.cpp" main="-- None --" init_handlers="necessary" language="CPP" />
				<resources>
					<wxDialog wxs="wxsmith/VideoFrameDlg.wxs" src="src/VideoFrameDlg.cpp" hdr="src/VideoFrameDlg.h" fwddecl="0" i18n="1" name="VideoFrameDlg" language="CPP" />
					<wxDialog wxs="wxsmith/VideoPropDlg.wxs" src="src/VideoPropDlg.cpp" hdr="src/VideoPropDlg.h" fwddecl="0" i18n="1" name="VideoPropDlg" language="CPP" />
					<wxDialog wxs="wxsmith/MenuCellsDlg.wxs" src="src/MenuCellsDlg.cpp" hdr="src/MenuCellsDlg.h" fwddecl="0" i18n="1" name="MenuCellsDlg" language="CPP" />
					<wxDialog wxs="wxsmith/MenuActionsDlg.wxs" src="src/MenuActionsDlg.cpp" hdr="src/MenuActionsDlg.h" fwddecl="0" i18n="1" name="MenuActionsDlg" language="CPP" />
					<wxDialog wxs="wxsmith/AudioPropDlg.wxs" src="src/AudioPropDlg.cpp" hdr="src/AudioPropDlg.h" fwddecl="0" i18n="1" name="AudioPropDlg" language="CPP" />
					<wxDialog wxs="wxsmith/SubtitlePropDlg.wxs" src="src/SubtitlePropDlg.cpp" hdr="src/SubtitlePropDlg.h" fwddecl="0" i18n="1" name="SubtitlePropDlg" language="CPP" />
					<wxDialog wxs="wxsmith/ChaptersDlg.wxs" src="src/ChaptersDlg.cpp" hdr="src/ChaptersDlg.h" fwddecl="0" i18n="1" name="ChaptersDlg" language="CPP" />
					<wxDialog wxs="wxsmith/BurnDlg.wxs" src="src/BurnDlg.cpp" hdr="src/BurnDlg.h" fwddecl="0" i18n="1" name="BurnDlg" language="CPP" />
					<wxDialog wxs="wxsmith/TemplateDlg.wxs" src="src/TemplateDlg.cpp" hdr="src/TemplateDlg.h" fwddecl="0" i18n="1" name="TemplateDlg" language="CPP" />
					<wxDialog wxs="wxsmith/SlideDlg.wxs" src="src/SlideDlg.cpp" hdr="src/SlideDlg.h" fwddecl="0" i18n="1" name="SlideDlg" language="CPP" />
					<wxDialog wxs="wxsmith/ProgressDlg.wxs" src="src/ProgressDlg.cpp" hdr="src/ProgressDlg.h" fwddecl="0" i18n="1" name="ProgressDlg" language="CPP" />
					<wxDialog wxs="wxsmith/AnimationDlg.wxs" src="src/AnimationDlg.cpp" hdr="src/AnimationDlg.h" fwddecl="0" i18n="1" name="AnimationDlg" language="CPP" />
				</resources>
			</wxsmith>
			<envvars />
		</Extensions>
	</Project>
</CodeBlocks_project_file>
